// !$*UTF8*$!
{
	archiveVersion = 1;
	classes = {
	};
	objectVersion = 46;
	objects = {

/* Begin PBXBuildFile section */
		44807B73B81F24C94F5E5E9F /* Pods_WatsonSTT.framework in Frameworks */ = {isa = PBXBuildFile; fileRef = F9128DCB5F507D33BAA55296 /* Pods_WatsonSTT.framework */; };
		530249071E041C9600D29D66 /* AppDelegate.swift in Sources */ = {isa = PBXBuildFile; fileRef = 530249061E041C9600D29D66 /* AppDelegate.swift */; };
		5302490E1E041C9600D29D66 /* Assets.xcassets in Resources */ = {isa = PBXBuildFile; fileRef = 5302490D1E041C9600D29D66 /* Assets.xcassets */; };
		530249111E041C9600D29D66 /* LaunchScreen.storyboard in Resources */ = {isa = PBXBuildFile; fileRef = 5302490F1E041C9600D29D66 /* LaunchScreen.storyboard */; };
		53256F341E05848800E0D1B5 /* SpeechRecognitionResult.swift in Sources */ = {isa = PBXBuildFile; fileRef = 53256F331E05848800E0D1B5 /* SpeechRecognitionResult.swift */; };
		53256F361E05853C00E0D1B5 /* SpeechRecognitionAlternative.swift in Sources */ = {isa = PBXBuildFile; fileRef = 53256F351E05853C00E0D1B5 /* SpeechRecognitionAlternative.swift */; };
		53256F411E05D75700E0D1B5 /* SpeechToText.storyboard in Resources */ = {isa = PBXBuildFile; fileRef = 53256F401E05D75700E0D1B5 /* SpeechToText.storyboard */; };
		535C4ED11E05E7E400B43E76 /* SpeechRecognitionResultViewModel.swift in Sources */ = {isa = PBXBuildFile; fileRef = 535C4ED01E05E7E400B43E76 /* SpeechRecognitionResultViewModel.swift */; };
		535C4ED31E05EE7600B43E76 /* RecordButton.swift in Sources */ = {isa = PBXBuildFile; fileRef = 535C4ED21E05EE7600B43E76 /* RecordButton.swift */; };
		535C4EDB1E0605AD00B43E76 /* down.wav in Resources */ = {isa = PBXBuildFile; fileRef = 535C4ED91E0605AD00B43E76 /* down.wav */; };
		535C4EDC1E0605AD00B43E76 /* up.wav in Resources */ = {isa = PBXBuildFile; fileRef = 535C4EDA1E0605AD00B43E76 /* up.wav */; };
		535C4EDE1E0613A500B43E76 /* SFX.swift in Sources */ = {isa = PBXBuildFile; fileRef = 535C4EDD1E0613A500B43E76 /* SFX.swift */; };
		535C4EE21E0613E200B43E76 /* PermissionRequestViewController.swift in Sources */ = {isa = PBXBuildFile; fileRef = 535C4EE01E0613E200B43E76 /* PermissionRequestViewController.swift */; };
		535C4EE31E0613E200B43E76 /* SpeechToTextViewController.swift in Sources */ = {isa = PBXBuildFile; fileRef = 535C4EE11E0613E200B43E76 /* SpeechToTextViewController.swift */; };
		53A109831E0439E6009BA4AD /* AVFoundation.framework in Frameworks */ = {isa = PBXBuildFile; fileRef = 53A109821E0439E6009BA4AD /* AVFoundation.framework */; };
		53A109851E046488009BA4AD /* AudioToolbox.framework in Frameworks */ = {isa = PBXBuildFile; fileRef = 53A109841E046488009BA4AD /* AudioToolbox.framework */; };
		53A1ECF41E04842A000EFDE9 /* Coordinator.swift in Sources */ = {isa = PBXBuildFile; fileRef = 53A1ECF31E04842A000EFDE9 /* Coordinator.swift */; };
		53A1ECF61E04846E000EFDE9 /* AppCoordinator.swift in Sources */ = {isa = PBXBuildFile; fileRef = 53A1ECF51E04846E000EFDE9 /* AppCoordinator.swift */; };
		53A1ECF81E0487E7000EFDE9 /* PermissionRequestCoordinator.swift in Sources */ = {isa = PBXBuildFile; fileRef = 53A1ECF71E0487E7000EFDE9 /* PermissionRequestCoordinator.swift */; };
		53A1ECFE1E049C9C000EFDE9 /* SpeechToTextCoordinator.swift in Sources */ = {isa = PBXBuildFile; fileRef = 53A1ECFD1E049C9C000EFDE9 /* SpeechToTextCoordinator.swift */; };
		53A1ED011E04A746000EFDE9 /* AudioRecorder.swift in Sources */ = {isa = PBXBuildFile; fileRef = 53A1ED001E04A746000EFDE9 /* AudioRecorder.swift */; };
		53A1ED031E04A7B5000EFDE9 /* SpeechRecognitionClient.swift in Sources */ = {isa = PBXBuildFile; fileRef = 53A1ED021E04A7B5000EFDE9 /* SpeechRecognitionClient.swift */; };
		53A1ED051E04B523000EFDE9 /* HTTPBasicAuthenticator.swift in Sources */ = {isa = PBXBuildFile; fileRef = 53A1ED041E04B523000EFDE9 /* HTTPBasicAuthenticator.swift */; };
		53A1ED071E04C763000EFDE9 /* SocketClient.swift in Sources */ = {isa = PBXBuildFile; fileRef = 53A1ED061E04C763000EFDE9 /* SocketClient.swift */; };
		53A1ED091E04CB9F000EFDE9 /* CredentialProvider.swift in Sources */ = {isa = PBXBuildFile; fileRef = 53A1ED081E04CB9F000EFDE9 /* CredentialProvider.swift */; };
/* End PBXBuildFile section */

/* Begin PBXFileReference section */
		1A2ACC175304C3E07D3BD9F0 /* Pods-WatsonSTT.debug.xcconfig */ = {isa = PBXFileReference; includeInIndex = 1; lastKnownFileType = text.xcconfig; name = "Pods-WatsonSTT.debug.xcconfig"; path = "Pods/Target Support Files/Pods-WatsonSTT/Pods-WatsonSTT.debug.xcconfig"; sourceTree = "<group>"; };
		23DBD30819DE646279DB7420 /* Pods-WatsonSTT.release.xcconfig */ = {isa = PBXFileReference; includeInIndex = 1; lastKnownFileType = text.xcconfig; name = "Pods-WatsonSTT.release.xcconfig"; path = "Pods/Target Support Files/Pods-WatsonSTT/Pods-WatsonSTT.release.xcconfig"; sourceTree = "<group>"; };
		530249031E041C9600D29D66 /* WatsonSTT.app */ = {isa = PBXFileReference; explicitFileType = wrapper.application; includeInIndex = 0; path = WatsonSTT.app; sourceTree = BUILT_PRODUCTS_DIR; };
		530249061E041C9600D29D66 /* AppDelegate.swift */ = {isa = PBXFileReference; lastKnownFileType = sourcecode.swift; path = AppDelegate.swift; sourceTree = "<group>"; };
		5302490D1E041C9600D29D66 /* Assets.xcassets */ = {isa = PBXFileReference; lastKnownFileType = folder.assetcatalog; path = Assets.xcassets; sourceTree = "<group>"; };
		530249101E041C9600D29D66 /* Base */ = {isa = PBXFileReference; lastKnownFileType = file.storyboard; name = Base; path = Base.lproj/LaunchScreen.storyboard; sourceTree = "<group>"; };
		530249121E041C9600D29D66 /* Info.plist */ = {isa = PBXFileReference; lastKnownFileType = text.plist.xml; path = Info.plist; sourceTree = "<group>"; };
		530249181E041EA000D29D66 /* prod.xcconfig */ = {isa = PBXFileReference; lastKnownFileType = text.xcconfig; path = prod.xcconfig; sourceTree = "<group>"; };
		53256F331E05848800E0D1B5 /* SpeechRecognitionResult.swift */ = {isa = PBXFileReference; fileEncoding = 4; lastKnownFileType = sourcecode.swift; path = SpeechRecognitionResult.swift; sourceTree = "<group>"; };
		53256F351E05853C00E0D1B5 /* SpeechRecognitionAlternative.swift */ = {isa = PBXFileReference; fileEncoding = 4; lastKnownFileType = sourcecode.swift; path = SpeechRecognitionAlternative.swift; sourceTree = "<group>"; };
		53256F401E05D75700E0D1B5 /* SpeechToText.storyboard */ = {isa = PBXFileReference; fileEncoding = 4; lastKnownFileType = file.storyboard; path = SpeechToText.storyboard; sourceTree = "<group>"; };
		535C4ED01E05E7E400B43E76 /* SpeechRecognitionResultViewModel.swift */ = {isa = PBXFileReference; fileEncoding = 4; lastKnownFileType = sourcecode.swift; path = SpeechRecognitionResultViewModel.swift; sourceTree = "<group>"; };
		535C4ED21E05EE7600B43E76 /* RecordButton.swift */ = {isa = PBXFileReference; fileEncoding = 4; lastKnownFileType = sourcecode.swift; path = RecordButton.swift; sourceTree = "<group>"; };
		535C4ED41E05F7D300B43E76 /* WatsonSTT-Bridging-Header.h */ = {isa = PBXFileReference; lastKnownFileType = sourcecode.c.h; path = "WatsonSTT-Bridging-Header.h"; sourceTree = "<group>"; };
		535C4ED91E0605AD00B43E76 /* down.wav */ = {isa = PBXFileReference; lastKnownFileType = audio.wav; path = down.wav; sourceTree = "<group>"; };
		535C4EDA1E0605AD00B43E76 /* up.wav */ = {isa = PBXFileReference; lastKnownFileType = audio.wav; path = up.wav; sourceTree = "<group>"; };
		535C4EDD1E0613A500B43E76 /* SFX.swift */ = {isa = PBXFileReference; fileEncoding = 4; lastKnownFileType = sourcecode.swift; path = SFX.swift; sourceTree = "<group>"; };
		535C4EE01E0613E200B43E76 /* PermissionRequestViewController.swift */ = {isa = PBXFileReference; fileEncoding = 4; lastKnownFileType = sourcecode.swift; path = PermissionRequestViewController.swift; sourceTree = "<group>"; };
		535C4EE11E0613E200B43E76 /* SpeechToTextViewController.swift */ = {isa = PBXFileReference; fileEncoding = 4; lastKnownFileType = sourcecode.swift; path = SpeechToTextViewController.swift; sourceTree = "<group>"; };
		53A109821E0439E6009BA4AD /* AVFoundation.framework */ = {isa = PBXFileReference; lastKnownFileType = wrapper.framework; name = AVFoundation.framework; path = System/Library/Frameworks/AVFoundation.framework; sourceTree = SDKROOT; };
		53A109841E046488009BA4AD /* AudioToolbox.framework */ = {isa = PBXFileReference; lastKnownFileType = wrapper.framework; name = AudioToolbox.framework; path = System/Library/Frameworks/AudioToolbox.framework; sourceTree = SDKROOT; };
		53A1ECEF1E047E50000EFDE9 /* debug.xcconfig */ = {isa = PBXFileReference; lastKnownFileType = text.xcconfig; path = debug.xcconfig; sourceTree = "<group>"; };
		53A1ECF01E047E75000EFDE9 /* release.xcconfig */ = {isa = PBXFileReference; lastKnownFileType = text.xcconfig; path = release.xcconfig; sourceTree = "<group>"; };
		53A1ECF31E04842A000EFDE9 /* Coordinator.swift */ = {isa = PBXFileReference; fileEncoding = 4; lastKnownFileType = sourcecode.swift; path = Coordinator.swift; sourceTree = "<group>"; };
		53A1ECF51E04846E000EFDE9 /* AppCoordinator.swift */ = {isa = PBXFileReference; fileEncoding = 4; lastKnownFileType = sourcecode.swift; path = AppCoordinator.swift; sourceTree = "<group>"; };
		53A1ECF71E0487E7000EFDE9 /* PermissionRequestCoordinator.swift */ = {isa = PBXFileReference; fileEncoding = 4; lastKnownFileType = sourcecode.swift; path = PermissionRequestCoordinator.swift; sourceTree = "<group>"; };
		53A1ECFD1E049C9C000EFDE9 /* SpeechToTextCoordinator.swift */ = {isa = PBXFileReference; fileEncoding = 4; lastKnownFileType = sourcecode.swift; path = SpeechToTextCoordinator.swift; sourceTree = "<group>"; };
		53A1ED001E04A746000EFDE9 /* AudioRecorder.swift */ = {isa = PBXFileReference; fileEncoding = 4; lastKnownFileType = sourcecode.swift; path = AudioRecorder.swift; sourceTree = "<group>"; };
		53A1ED021E04A7B5000EFDE9 /* SpeechRecognitionClient.swift */ = {isa = PBXFileReference; fileEncoding = 4; lastKnownFileType = sourcecode.swift; path = SpeechRecognitionClient.swift; sourceTree = "<group>"; };
		53A1ED041E04B523000EFDE9 /* HTTPBasicAuthenticator.swift */ = {isa = PBXFileReference; fileEncoding = 4; lastKnownFileType = sourcecode.swift; path = HTTPBasicAuthenticator.swift; sourceTree = "<group>"; };
		53A1ED061E04C763000EFDE9 /* SocketClient.swift */ = {isa = PBXFileReference; fileEncoding = 4; lastKnownFileType = sourcecode.swift; path = SocketClient.swift; sourceTree = "<group>"; };
		53A1ED081E04CB9F000EFDE9 /* CredentialProvider.swift */ = {isa = PBXFileReference; fileEncoding = 4; lastKnownFileType = sourcecode.swift; path = CredentialProvider.swift; sourceTree = "<group>"; };
		F9128DCB5F507D33BAA55296 /* Pods_WatsonSTT.framework */ = {isa = PBXFileReference; explicitFileType = wrapper.framework; includeInIndex = 0; path = Pods_WatsonSTT.framework; sourceTree = BUILT_PRODUCTS_DIR; };
/* End PBXFileReference section */

/* Begin PBXFrameworksBuildPhase section */
		530249001E041C9600D29D66 /* Frameworks */ = {
			isa = PBXFrameworksBuildPhase;
			buildActionMask = 2147483647;
			files = (
				53A109851E046488009BA4AD /* AudioToolbox.framework in Frameworks */,
				53A109831E0439E6009BA4AD /* AVFoundation.framework in Frameworks */,
				44807B73B81F24C94F5E5E9F /* Pods_WatsonSTT.framework in Frameworks */,
			);
			runOnlyForDeploymentPostprocessing = 0;
		};
/* End PBXFrameworksBuildPhase section */

/* Begin PBXGroup section */
		530248FA1E041C9600D29D66 = {
			isa = PBXGroup;
			children = (
				530249051E041C9600D29D66 /* WatsonSTT */,
				530249041E041C9600D29D66 /* Products */,
				53A109811E0439E6009BA4AD /* Frameworks */,
				C5EE7702027551FF6EAE2BA2 /* Pods */,
				535C4ED41E05F7D300B43E76 /* WatsonSTT-Bridging-Header.h */,
			);
			sourceTree = "<group>";
		};
		530249041E041C9600D29D66 /* Products */ = {
			isa = PBXGroup;
			children = (
				530249031E041C9600D29D66 /* WatsonSTT.app */,
			);
			name = Products;
			sourceTree = "<group>";
		};
		530249051E041C9600D29D66 /* WatsonSTT */ = {
			isa = PBXGroup;
			children = (
				535C4EDF1E0613E200B43E76 /* ViewControllers */,
				535C4ED81E0605AD00B43E76 /* Sounds */,
				53256F3F1E05D70E00E0D1B5 /* StoryBoards */,
				53A1ECF11E047F58000EFDE9 /* Config */,
				53A109871E047AC4009BA4AD /* Coordinators */,
				53A109881E047AC4009BA4AD /* Models */,
				53A109891E047AC4009BA4AD /* ViewModels */,
				53A1098A1E047AC4009BA4AD /* Views */,
				53A1ECFF1E04A72F000EFDE9 /* SpeechRecognition */,
				530249061E041C9600D29D66 /* AppDelegate.swift */,
				5302490D1E041C9600D29D66 /* Assets.xcassets */,
				5302490F1E041C9600D29D66 /* LaunchScreen.storyboard */,
				530249121E041C9600D29D66 /* Info.plist */,
			);
			path = WatsonSTT;
			sourceTree = "<group>";
		};
		53256F3F1E05D70E00E0D1B5 /* StoryBoards */ = {
			isa = PBXGroup;
			children = (
				53256F401E05D75700E0D1B5 /* SpeechToText.storyboard */,
			);
			path = StoryBoards;
			sourceTree = "<group>";
		};
		535C4ED81E0605AD00B43E76 /* Sounds */ = {
			isa = PBXGroup;
			children = (
				535C4EDD1E0613A500B43E76 /* SFX.swift */,
				535C4ED91E0605AD00B43E76 /* down.wav */,
				535C4EDA1E0605AD00B43E76 /* up.wav */,
			);
			path = Sounds;
			sourceTree = "<group>";
		};
		535C4EDF1E0613E200B43E76 /* ViewControllers */ = {
			isa = PBXGroup;
			children = (
				535C4EE01E0613E200B43E76 /* PermissionRequestViewController.swift */,
				535C4EE11E0613E200B43E76 /* SpeechToTextViewController.swift */,
			);
			path = ViewControllers;
			sourceTree = "<group>";
		};
		53A109811E0439E6009BA4AD /* Frameworks */ = {
			isa = PBXGroup;
			children = (
				53A109841E046488009BA4AD /* AudioToolbox.framework */,
				53A109821E0439E6009BA4AD /* AVFoundation.framework */,
				F9128DCB5F507D33BAA55296 /* Pods_WatsonSTT.framework */,
			);
			name = Frameworks;
			sourceTree = "<group>";
		};
		53A109871E047AC4009BA4AD /* Coordinators */ = {
			isa = PBXGroup;
			children = (
				53A1ECF31E04842A000EFDE9 /* Coordinator.swift */,
				53A1ECF51E04846E000EFDE9 /* AppCoordinator.swift */,
				53A1ECF71E0487E7000EFDE9 /* PermissionRequestCoordinator.swift */,
				53A1ECFD1E049C9C000EFDE9 /* SpeechToTextCoordinator.swift */,
			);
			path = Coordinators;
			sourceTree = "<group>";
		};
		53A109881E047AC4009BA4AD /* Models */ = {
			isa = PBXGroup;
			children = (
				53256F331E05848800E0D1B5 /* SpeechRecognitionResult.swift */,
				53256F351E05853C00E0D1B5 /* SpeechRecognitionAlternative.swift */,
			);
			path = Models;
			sourceTree = "<group>";
		};
		53A109891E047AC4009BA4AD /* ViewModels */ = {
			isa = PBXGroup;
			children = (
				535C4ED01E05E7E400B43E76 /* SpeechRecognitionResultViewModel.swift */,
			);
			path = ViewModels;
			sourceTree = "<group>";
		};
		53A1098A1E047AC4009BA4AD /* Views */ = {
			isa = PBXGroup;
			children = (
				535C4ED21E05EE7600B43E76 /* RecordButton.swift */,
			);
			path = Views;
			sourceTree = "<group>";
		};
		53A1ECF11E047F58000EFDE9 /* Config */ = {
			isa = PBXGroup;
			children = (
				530249181E041EA000D29D66 /* prod.xcconfig */,
				53A1ECEF1E047E50000EFDE9 /* debug.xcconfig */,
				53A1ECF01E047E75000EFDE9 /* release.xcconfig */,
			);
			name = Config;
			sourceTree = "<group>";
		};
		53A1ECFF1E04A72F000EFDE9 /* SpeechRecognition */ = {
			isa = PBXGroup;
			children = (
				53A1ED021E04A7B5000EFDE9 /* SpeechRecognitionClient.swift */,
				53A1ED061E04C763000EFDE9 /* SocketClient.swift */,
				53A1ED081E04CB9F000EFDE9 /* CredentialProvider.swift */,
				53A1ED001E04A746000EFDE9 /* AudioRecorder.swift */,
				53A1ED041E04B523000EFDE9 /* HTTPBasicAuthenticator.swift */,
			);
			path = SpeechRecognition;
			sourceTree = "<group>";
		};
		C5EE7702027551FF6EAE2BA2 /* Pods */ = {
			isa = PBXGroup;
			children = (
				1A2ACC175304C3E07D3BD9F0 /* Pods-WatsonSTT.debug.xcconfig */,
				23DBD30819DE646279DB7420 /* Pods-WatsonSTT.release.xcconfig */,
			);
			name = Pods;
			sourceTree = "<group>";
		};
/* End PBXGroup section */

/* Begin PBXNativeTarget section */
		530249021E041C9600D29D66 /* WatsonSTT */ = {
			isa = PBXNativeTarget;
			buildConfigurationList = 530249151E041C9600D29D66 /* Build configuration list for PBXNativeTarget "WatsonSTT" */;
			buildPhases = (
				1591366FA72B1014D5E36463 /* [CP] Check Pods Manifest.lock */,
				530248FF1E041C9600D29D66 /* Sources */,
				530249001E041C9600D29D66 /* Frameworks */,
				530249011E041C9600D29D66 /* Resources */,
				22E51230943E1BD7FE788C16 /* [CP] Embed Pods Frameworks */,
				3427925680C32D64EBF711D2 /* [CP] Copy Pods Resources */,
				53A1ECF21E04812E000EFDE9 /* ShellScript */,
				5388EBE41E061595004C8A55 /* ShellScript */,
			);
			buildRules = (
			);
			dependencies = (
			);
			name = WatsonSTT;
			productName = WatsonSTT;
			productReference = 530249031E041C9600D29D66 /* WatsonSTT.app */;
			productType = "com.apple.product-type.application";
		};
/* End PBXNativeTarget section */

/* Begin PBXProject section */
		530248FB1E041C9600D29D66 /* Project object */ = {
			isa = PBXProject;
			attributes = {
				LastSwiftUpdateCheck = 0820;
				LastUpgradeCheck = 0820;
				ORGANIZATIONNAME = "Super Damage";
				TargetAttributes = {
					530249021E041C9600D29D66 = {
						CreatedOnToolsVersion = 8.2;
						DevelopmentTeam = 6EEJM5R5MF;
						LastSwiftMigration = 0820;
						ProvisioningStyle = Automatic;
					};
				};
			};
			buildConfigurationList = 530248FE1E041C9600D29D66 /* Build configuration list for PBXProject "WatsonSTT" */;
			compatibilityVersion = "Xcode 3.2";
			developmentRegion = English;
			hasScannedForEncodings = 0;
			knownRegions = (
				en,
				Base,
			);
			mainGroup = 530248FA1E041C9600D29D66;
			productRefGroup = 530249041E041C9600D29D66 /* Products */;
			projectDirPath = "";
			projectRoot = "";
			targets = (
				530249021E041C9600D29D66 /* WatsonSTT */,
			);
		};
/* End PBXProject section */

/* Begin PBXResourcesBuildPhase section */
		530249011E041C9600D29D66 /* Resources */ = {
			isa = PBXResourcesBuildPhase;
			buildActionMask = 2147483647;
			files = (
				535C4EDC1E0605AD00B43E76 /* up.wav in Resources */,
				535C4EDB1E0605AD00B43E76 /* down.wav in Resources */,
				530249111E041C9600D29D66 /* LaunchScreen.storyboard in Resources */,
				5302490E1E041C9600D29D66 /* Assets.xcassets in Resources */,
				53256F411E05D75700E0D1B5 /* SpeechToText.storyboard in Resources */,
			);
			runOnlyForDeploymentPostprocessing = 0;
		};
/* End PBXResourcesBuildPhase section */

/* Begin PBXShellScriptBuildPhase section */
		1591366FA72B1014D5E36463 /* [CP] Check Pods Manifest.lock */ = {
			isa = PBXShellScriptBuildPhase;
			buildActionMask = 2147483647;
			files = (
			);
			inputPaths = (
			);
			name = "[CP] Check Pods Manifest.lock";
			outputPaths = (
			);
			runOnlyForDeploymentPostprocessing = 0;
			shellPath = /bin/sh;
			shellScript = "diff \"${PODS_ROOT}/../Podfile.lock\" \"${PODS_ROOT}/Manifest.lock\" > /dev/null\nif [ $? != 0 ] ; then\n    # print error to STDERR\n    echo \"error: The sandbox is not in sync with the Podfile.lock. Run 'pod install' or update your CocoaPods installation.\" >&2\n    exit 1\nfi\n";
			showEnvVarsInLog = 0;
		};
		22E51230943E1BD7FE788C16 /* [CP] Embed Pods Frameworks */ = {
			isa = PBXShellScriptBuildPhase;
			buildActionMask = 2147483647;
			files = (
			);
			inputPaths = (
			);
			name = "[CP] Embed Pods Frameworks";
			outputPaths = (
			);
			runOnlyForDeploymentPostprocessing = 0;
			shellPath = /bin/sh;
			shellScript = "\"${SRCROOT}/Pods/Target Support Files/Pods-WatsonSTT/Pods-WatsonSTT-frameworks.sh\"\n";
			showEnvVarsInLog = 0;
		};
		3427925680C32D64EBF711D2 /* [CP] Copy Pods Resources */ = {
			isa = PBXShellScriptBuildPhase;
			buildActionMask = 2147483647;
			files = (
			);
			inputPaths = (
			);
			name = "[CP] Copy Pods Resources";
			outputPaths = (
			);
			runOnlyForDeploymentPostprocessing = 0;
			shellPath = /bin/sh;
			shellScript = "\"${SRCROOT}/Pods/Target Support Files/Pods-WatsonSTT/Pods-WatsonSTT-resources.sh\"\n";
			showEnvVarsInLog = 0;
		};
		5388EBE41E061595004C8A55 /* ShellScript */ = {
			isa = PBXShellScriptBuildPhase;
			buildActionMask = 2147483647;
			files = (
			);
			inputPaths = (
			);
			outputPaths = (
			);
			runOnlyForDeploymentPostprocessing = 0;
			shellPath = /bin/sh;
			shellScript = "FILE=\"${SRCROOT}/HockeySDK-iOS/BuildAgent\"\nif [ -f \"$FILE\" ]; then\n\"$FILE\"\nfi";
		};
		53A1ECF21E04812E000EFDE9 /* ShellScript */ = {
			isa = PBXShellScriptBuildPhase;
			buildActionMask = 2147483647;
			files = (
			);
			inputPaths = (
			);
			outputPaths = (
			);
			runOnlyForDeploymentPostprocessing = 0;
			shellPath = /bin/sh;
			shellScript = "if which swiftlint >/dev/null; then\n  swiftlint\nelse\n  echo \"warning: SwiftLint not installed, download from https://github.com/realm/SwiftLint\"\nfi";
		};
/* End PBXShellScriptBuildPhase section */

/* Begin PBXSourcesBuildPhase section */
		530248FF1E041C9600D29D66 /* Sources */ = {
			isa = PBXSourcesBuildPhase;
			buildActionMask = 2147483647;
			files = (
				53256F341E05848800E0D1B5 /* SpeechRecognitionResult.swift in Sources */,
				535C4EE21E0613E200B43E76 /* PermissionRequestViewController.swift in Sources */,
				535C4ED11E05E7E400B43E76 /* SpeechRecognitionResultViewModel.swift in Sources */,
				53A1ECF61E04846E000EFDE9 /* AppCoordinator.swift in Sources */,
				53A1ED051E04B523000EFDE9 /* HTTPBasicAuthenticator.swift in Sources */,
				53A1ECF81E0487E7000EFDE9 /* PermissionRequestCoordinator.swift in Sources */,
				53A1ECFE1E049C9C000EFDE9 /* SpeechToTextCoordinator.swift in Sources */,
				53A1ED091E04CB9F000EFDE9 /* CredentialProvider.swift in Sources */,
				535C4EE31E0613E200B43E76 /* SpeechToTextViewController.swift in Sources */,
				535C4ED31E05EE7600B43E76 /* RecordButton.swift in Sources */,
				53A1ED071E04C763000EFDE9 /* SocketClient.swift in Sources */,
				535C4EDE1E0613A500B43E76 /* SFX.swift in Sources */,
				53A1ED031E04A7B5000EFDE9 /* SpeechRecognitionClient.swift in Sources */,
				530249071E041C9600D29D66 /* AppDelegate.swift in Sources */,
				53A1ECF41E04842A000EFDE9 /* Coordinator.swift in Sources */,
				53256F361E05853C00E0D1B5 /* SpeechRecognitionAlternative.swift in Sources */,
				53A1ED011E04A746000EFDE9 /* AudioRecorder.swift in Sources */,
			);
			runOnlyForDeploymentPostprocessing = 0;
		};
/* End PBXSourcesBuildPhase section */

/* Begin PBXVariantGroup section */
		5302490F1E041C9600D29D66 /* LaunchScreen.storyboard */ = {
			isa = PBXVariantGroup;
			children = (
				530249101E041C9600D29D66 /* Base */,
			);
			name = LaunchScreen.storyboard;
			sourceTree = "<group>";
		};
/* End PBXVariantGroup section */

/* Begin XCBuildConfiguration section */
		530249131E041C9600D29D66 /* Debug */ = {
			isa = XCBuildConfiguration;
			buildSettings = {
				ALWAYS_SEARCH_USER_PATHS = NO;
				CLANG_ANALYZER_NONNULL = YES;
				CLANG_CXX_LANGUAGE_STANDARD = "gnu++0x";
				CLANG_CXX_LIBRARY = "libc++";
				CLANG_ENABLE_MODULES = YES;
				CLANG_ENABLE_OBJC_ARC = YES;
				CLANG_WARN_BOOL_CONVERSION = YES;
				CLANG_WARN_CONSTANT_CONVERSION = YES;
				CLANG_WARN_DIRECT_OBJC_ISA_USAGE = YES_ERROR;
				CLANG_WARN_DOCUMENTATION_COMMENTS = YES;
				CLANG_WARN_EMPTY_BODY = YES;
				CLANG_WARN_ENUM_CONVERSION = YES;
				CLANG_WARN_INFINITE_RECURSION = YES;
				CLANG_WARN_INT_CONVERSION = YES;
				CLANG_WARN_OBJC_ROOT_CLASS = YES_ERROR;
				CLANG_WARN_SUSPICIOUS_MOVE = YES;
				CLANG_WARN_UNREACHABLE_CODE = YES;
				CLANG_WARN__DUPLICATE_METHOD_MATCH = YES;
				"CODE_SIGN_IDENTITY[sdk=iphoneos*]" = "iPhone Developer";
				COPY_PHASE_STRIP = NO;
				DEBUG_INFORMATION_FORMAT = dwarf;
				ENABLE_STRICT_OBJC_MSGSEND = YES;
				ENABLE_TESTABILITY = YES;
				GCC_C_LANGUAGE_STANDARD = gnu99;
				GCC_DYNAMIC_NO_PIC = NO;
				GCC_NO_COMMON_BLOCKS = YES;
				GCC_OPTIMIZATION_LEVEL = 0;
				GCC_PREPROCESSOR_DEFINITIONS = (
					"DEBUG=1",
					"$(inherited)",
				);
				GCC_WARN_64_TO_32_BIT_CONVERSION = YES;
				GCC_WARN_ABOUT_RETURN_TYPE = YES_ERROR;
				GCC_WARN_UNDECLARED_SELECTOR = YES;
				GCC_WARN_UNINITIALIZED_AUTOS = YES_AGGRESSIVE;
				GCC_WARN_UNUSED_FUNCTION = YES;
				GCC_WARN_UNUSED_VARIABLE = YES;
				IPHONEOS_DEPLOYMENT_TARGET = 10.2;
				MTL_ENABLE_DEBUG_INFO = YES;
				ONLY_ACTIVE_ARCH = YES;
				SDKROOT = iphoneos;
				SWIFT_ACTIVE_COMPILATION_CONDITIONS = DEBUG;
				SWIFT_OPTIMIZATION_LEVEL = "-Onone";
			};
			name = Debug;
		};
		530249141E041C9600D29D66 /* Release */ = {
			isa = XCBuildConfiguration;
			buildSettings = {
				ALWAYS_SEARCH_USER_PATHS = NO;
				CLANG_ANALYZER_NONNULL = YES;
				CLANG_CXX_LANGUAGE_STANDARD = "gnu++0x";
				CLANG_CXX_LIBRARY = "libc++";
				CLANG_ENABLE_MODULES = YES;
				CLANG_ENABLE_OBJC_ARC = YES;
				CLANG_WARN_BOOL_CONVERSION = YES;
				CLANG_WARN_CONSTANT_CONVERSION = YES;
				CLANG_WARN_DIRECT_OBJC_ISA_USAGE = YES_ERROR;
				CLANG_WARN_DOCUMENTATION_COMMENTS = YES;
				CLANG_WARN_EMPTY_BODY = YES;
				CLANG_WARN_ENUM_CONVERSION = YES;
				CLANG_WARN_INFINITE_RECURSION = YES;
				CLANG_WARN_INT_CONVERSION = YES;
				CLANG_WARN_OBJC_ROOT_CLASS = YES_ERROR;
				CLANG_WARN_SUSPICIOUS_MOVE = YES;
				CLANG_WARN_UNREACHABLE_CODE = YES;
				CLANG_WARN__DUPLICATE_METHOD_MATCH = YES;
				"CODE_SIGN_IDENTITY[sdk=iphoneos*]" = "iPhone Developer";
				COPY_PHASE_STRIP = NO;
				DEBUG_INFORMATION_FORMAT = "dwarf-with-dsym";
				ENABLE_NS_ASSERTIONS = NO;
				ENABLE_STRICT_OBJC_MSGSEND = YES;
				GCC_C_LANGUAGE_STANDARD = gnu99;
				GCC_NO_COMMON_BLOCKS = YES;
				GCC_WARN_64_TO_32_BIT_CONVERSION = YES;
				GCC_WARN_ABOUT_RETURN_TYPE = YES_ERROR;
				GCC_WARN_UNDECLARED_SELECTOR = YES;
				GCC_WARN_UNINITIALIZED_AUTOS = YES_AGGRESSIVE;
				GCC_WARN_UNUSED_FUNCTION = YES;
				GCC_WARN_UNUSED_VARIABLE = YES;
				IPHONEOS_DEPLOYMENT_TARGET = 10.2;
				MTL_ENABLE_DEBUG_INFO = NO;
				SDKROOT = iphoneos;
				SWIFT_OPTIMIZATION_LEVEL = "-Owholemodule";
				VALIDATE_PRODUCT = YES;
			};
			name = Release;
		};
		530249161E041C9600D29D66 /* Debug */ = {
			isa = XCBuildConfiguration;
			baseConfigurationReference = 53A1ECEF1E047E50000EFDE9 /* debug.xcconfig */;
			buildSettings = {
				ALWAYS_EMBED_SWIFT_STANDARD_LIBRARIES = "$(inherited)";
				ASSETCATALOG_COMPILER_APPICON_NAME = AppIcon;
				CLANG_ENABLE_MODULES = YES;
				DEVELOPMENT_TEAM = 6EEJM5R5MF;
				INFOPLIST_FILE = WatsonSTT/Info.plist;
				LD_RUNPATH_SEARCH_PATHS = "$(inherited) @executable_path/Frameworks";
				PRODUCT_BUNDLE_IDENTIFIER = com.superdamage.WatsonSTT;
				PRODUCT_NAME = "$(TARGET_NAME)";
				SWIFT_OBJC_BRIDGING_HEADER = "WatsonSTT-Bridging-Header.h";
				SWIFT_OPTIMIZATION_LEVEL = "-Onone";
				SWIFT_VERSION = 3.0;
			};
			name = Debug;
		};
		530249171E041C9600D29D66 /* Release */ = {
			isa = XCBuildConfiguration;
			baseConfigurationReference = 53A1ECF01E047E75000EFDE9 /* release.xcconfig */;
			buildSettings = {
				ALWAYS_EMBED_SWIFT_STANDARD_LIBRARIES = "$(inherited)";
				ASSETCATALOG_COMPILER_APPICON_NAME = AppIcon;
				CLANG_ENABLE_MODULES = YES;
				DEVELOPMENT_TEAM = 6EEJM5R5MF;
				INFOPLIST_FILE = WatsonSTT/Info.plist;
				LD_RUNPATH_SEARCH_PATHS = "$(inherited) @executable_path/Frameworks";
				PRODUCT_BUNDLE_IDENTIFIER = com.superdamage.WatsonSTT;
				PRODUCT_NAME = "$(TARGET_NAME)";
				SWIFT_OBJC_BRIDGING_HEADER = "WatsonSTT-Bridging-Header.h";
				SWIFT_VERSION = 3.0;
			};
			name = Release;
		};
/* End XCBuildConfiguration section */

/* Begin XCConfigurationList section */
		530248FE1E041C9600D29D66 /* Build configuration list for PBXProject "WatsonSTT" */ = {
			isa = XCConfigurationList;
			buildConfigurations = (
				530249131E041C9600D29D66 /* Debug */,
				530249141E041C9600D29D66 /* Release */,
			);
			defaultConfigurationIsVisible = 0;
			defaultConfigurationName = Release;
		};
		530249151E041C9600D29D66 /* Build configuration list for PBXNativeTarget "WatsonSTT" */ = {
			isa = XCConfigurationList;
			buildConfigurations = (
				530249161E041C9600D29D66 /* Debug */,
				530249171E041C9600D29D66 /* Release */,
			);
			defaultConfigurationIsVisible = 0;
			defaultConfigurationName = Release;
		};
/* End XCConfigurationList section */
	};
	rootObject = 530248FB1E041C9600D29D66 /* Project object */;
}
